
Microsoft Visual Studio Solution File, Format Version 12.00
# Visual Studio Version 17
VisualStudioVersion = 17.5.33424.131
MinimumVisualStudioVersion = 10.0.40219.1
Project("{FAE04EC0-301F-11D3-BF4B-00C04F79EFBC}") = "BackEnd", "BackEnd\BackEnd.csproj", "{07DC0F48-841D-4CDF-9131-1786A9101FB9}"
EndProject
Project("{FAE04EC0-301F-11D3-BF4B-00C04F79EFBC}") = "BackEnd.Core", "BackEnd.Core\BackEnd.Core.csproj", "{0440C420-8CBC-4E30-98F7-91AF8B19D37C}"
EndProject
Project("{FAE04EC0-301F-11D3-BF4B-00C04F79EFBC}") = "BackEnd.EF", "BackEnd.EF\BackEnd.EF.csproj", "{ABC0FF9C-6287-4FAA-AC10-6CC335CA05BD}"
EndProject
Global
	GlobalSection(SolutionConfigurationPlatforms) = preSolution
		Debug|Any CPU = Debug|Any CPU
		Release|Any CPU = Release|Any CPU
	EndGlobalSection
	GlobalSection(ProjectConfigurationPlatforms) = postSolution
		{07DC0F48-841D-4CDF-9131-1786A9101FB9}.Debug|Any CPU.ActiveCfg = Debug|Any CPU
		{07DC0F48-841D-4CDF-9131-1786A9101FB9}.Debug|Any CPU.Build.0 = Debug|Any CPU
		{07DC0F48-841D-4CDF-9131-1786A9101FB9}.Release|Any CPU.ActiveCfg = Release|Any CPU
		{07DC0F48-841D-4CDF-9131-1786A9101FB9}.Release|Any CPU.Build.0 = Release|Any CPU
		{0440C420-8CBC-4E30-98F7-91AF8B19D37C}.Debug|Any CPU.ActiveCfg = Debug|Any CPU
		{0440C420-8CBC-4E30-98F7-91AF8B19D37C}.Debug|Any CPU.Build.0 = Debug|Any CPU
		{0440C420-8CBC-4E30-98F7-91AF8B19D37C}.Release|Any CPU.ActiveCfg = Release|Any CPU
		{0440C420-8CBC-4E30-98F7-91AF8B19D37C}.Release|Any CPU.Build.0 = Release|Any CPU
		{ABC0FF9C-6287-4FAA-AC10-6CC335CA05BD}.Debug|Any CPU.ActiveCfg = Debug|Any CPU
		{ABC0FF9C-6287-4FAA-AC10-6CC335CA05BD}.Debug|Any CPU.Build.0 = Debug|Any CPU
		{ABC0FF9C-6287-4FAA-AC10-6CC335CA05BD}.Release|Any CPU.ActiveCfg = Release|Any CPU
		{ABC0FF9C-6287-4FAA-AC10-6CC335CA05BD}.Release|Any CPU.Build.0 = Release|Any CPU
	EndGlobalSection
	GlobalSection(SolutionProperties) = preSolution
		HideSolutionNode = FALSE
	EndGlobalSection
	GlobalSection(ExtensibilityGlobals) = postSolution
		SolutionGuid = {25FD155D-197A-4535-B19A-756A5B11523A}
	EndGlobalSection
EndGlobal
